// !$*UTF8*$!
{
	archiveVersion = 1;
	classes = {
	};
	objectVersion = 60;
	objects = {

/* Begin PBXBuildFile section */
		94233B062C808736004C6CD3 /* ArtObjectDetailCoordinator.swift in Sources */ = {isa = PBXBuildFile; fileRef = 94233B052C808736004C6CD3 /* ArtObjectDetailCoordinator.swift */; };
		94233B092C808E36004C6CD3 /* ID.swift in Sources */ = {isa = PBXBuildFile; fileRef = 94233B082C808E36004C6CD3 /* ID.swift */; };
		94233B0B2C8094BB004C6CD3 /* ArtObjectDetailViewModel.swift in Sources */ = {isa = PBXBuildFile; fileRef = 94233B0A2C8094BB004C6CD3 /* ArtObjectDetailViewModel.swift */; };
		94233B0D2C809527004C6CD3 /* RijkArtObjectDetail.swift in Sources */ = {isa = PBXBuildFile; fileRef = 94233B0C2C809527004C6CD3 /* RijkArtObjectDetail.swift */; };
		94233B142C80C12A004C6CD3 /* ArtObjectsCollectionCoordinatorTests.swift in Sources */ = {isa = PBXBuildFile; fileRef = 94233B132C80C12A004C6CD3 /* ArtObjectsCollectionCoordinatorTests.swift */; };
		94233B162C80C4B2004C6CD3 /* ArtObjectCategoriesViewModelTests.swift in Sources */ = {isa = PBXBuildFile; fileRef = 94233B152C80C4B2004C6CD3 /* ArtObjectCategoriesViewModelTests.swift */; };
		94233B182C80DD4E004C6CD3 /* MockAPIRequestManager.swift in Sources */ = {isa = PBXBuildFile; fileRef = 94233B172C80DD4E004C6CD3 /* MockAPIRequestManager.swift */; };
		94233B1A2C80DDBD004C6CD3 /* ArtObjectCategoryViewModelTests.swift in Sources */ = {isa = PBXBuildFile; fileRef = 94233B192C80DDBD004C6CD3 /* ArtObjectCategoryViewModelTests.swift */; };
		94233B1C2C811FE5004C6CD3 /* ArtObjectDetailViewModelTests.swift in Sources */ = {isa = PBXBuildFile; fileRef = 94233B1B2C811FE5004C6CD3 /* ArtObjectDetailViewModelTests.swift */; };
		944AC1EC2C7DDE9A00FA0DD4 /* AppDelegate.swift in Sources */ = {isa = PBXBuildFile; fileRef = 944AC1EB2C7DDE9A00FA0DD4 /* AppDelegate.swift */; };
		944AC1EE2C7DDE9A00FA0DD4 /* SceneDelegate.swift in Sources */ = {isa = PBXBuildFile; fileRef = 944AC1ED2C7DDE9A00FA0DD4 /* SceneDelegate.swift */; };
		944AC1F02C7DDE9A00FA0DD4 /* ArtObjectCategoriesViewController.swift in Sources */ = {isa = PBXBuildFile; fileRef = 944AC1EF2C7DDE9A00FA0DD4 /* ArtObjectCategoriesViewController.swift */; };
		944AC1F52C7DDE9B00FA0DD4 /* Assets.xcassets in Resources */ = {isa = PBXBuildFile; fileRef = 944AC1F42C7DDE9B00FA0DD4 /* Assets.xcassets */; };
		944AC1F82C7DDE9B00FA0DD4 /* Base in Resources */ = {isa = PBXBuildFile; fileRef = 944AC1F72C7DDE9B00FA0DD4 /* Base */; };
		944AC20D2C7DDE9B00FA0DD4 /* RijksDataUITests.swift in Sources */ = {isa = PBXBuildFile; fileRef = 944AC20C2C7DDE9B00FA0DD4 /* RijksDataUITests.swift */; };
		944AC20F2C7DDE9B00FA0DD4 /* RijksDataUITestsLaunchTests.swift in Sources */ = {isa = PBXBuildFile; fileRef = 944AC20E2C7DDE9B00FA0DD4 /* RijksDataUITestsLaunchTests.swift */; };
		944AC21D2C7E33B300FA0DD4 /* NetworkCore in Frameworks */ = {isa = PBXBuildFile; productRef = 944AC21C2C7E33B300FA0DD4 /* NetworkCore */; };
		949FFC4C2C7E40740068ED72 /* RijksAPIRequestBuilder.swift in Sources */ = {isa = PBXBuildFile; fileRef = 949FFC4B2C7E40740068ED72 /* RijksAPIRequestBuilder.swift */; };
		949FFC4F2C7EA2910068ED72 /* ArtObjectCategoryView.swift in Sources */ = {isa = PBXBuildFile; fileRef = 949FFC4E2C7EA2910068ED72 /* ArtObjectCategoryView.swift */; };
		949FFC512C7EA2A20068ED72 /* ArtObjectCategoryViewModel.swift in Sources */ = {isa = PBXBuildFile; fileRef = 949FFC502C7EA2A20068ED72 /* ArtObjectCategoryViewModel.swift */; };
		949FFC532C7F2BE30068ED72 /* ArtObjectCategoriesViewModel.swift in Sources */ = {isa = PBXBuildFile; fileRef = 949FFC522C7F2BE30068ED72 /* ArtObjectCategoriesViewModel.swift */; };
		949FFC552C7F3C810068ED72 /* RijksCollection.swift in Sources */ = {isa = PBXBuildFile; fileRef = 949FFC542C7F3C810068ED72 /* RijksCollection.swift */; };
		949FFC572C7F48360068ED72 /* RijksAPIRequest.swift in Sources */ = {isa = PBXBuildFile; fileRef = 949FFC562C7F48360068ED72 /* RijksAPIRequest.swift */; };
		949FFC592C7F5F690068ED72 /* ArtObjectCategoryHeaderView.swift in Sources */ = {isa = PBXBuildFile; fileRef = 949FFC582C7F5F690068ED72 /* ArtObjectCategoryHeaderView.swift */; };
		949FFC5B2C7F7EBD0068ED72 /* TwoRowGridLayout.swift in Sources */ = {isa = PBXBuildFile; fileRef = 949FFC5A2C7F7EBD0068ED72 /* TwoRowGridLayout.swift */; };
		949FFC5D2C7F7EF70068ED72 /* ArtObjectItemCell.swift in Sources */ = {isa = PBXBuildFile; fileRef = 949FFC5C2C7F7EF70068ED72 /* ArtObjectItemCell.swift */; };
		949FFC602C7F834B0068ED72 /* RijkArtObject.swift in Sources */ = {isa = PBXBuildFile; fileRef = 949FFC5F2C7F834B0068ED72 /* RijkArtObject.swift */; };
		949FFC642C7FAA110068ED72 /* Nuke in Frameworks */ = {isa = PBXBuildFile; productRef = 949FFC632C7FAA110068ED72 /* Nuke */; };
		949FFC682C7FE5EF0068ED72 /* LoadingCell.swift in Sources */ = {isa = PBXBuildFile; fileRef = 949FFC672C7FE5EF0068ED72 /* LoadingCell.swift */; };
		949FFC6A2C7FE6000068ED72 /* TryAgainCell.swift in Sources */ = {isa = PBXBuildFile; fileRef = 949FFC692C7FE6000068ED72 /* TryAgainCell.swift */; };
		949FFC6E2C7FEBE50068ED72 /* AppConfiguration.swift in Sources */ = {isa = PBXBuildFile; fileRef = 949FFC6D2C7FEBE50068ED72 /* AppConfiguration.swift */; };
		949FFC722C7FEC760068ED72 /* MainInfoPListProperty.swift in Sources */ = {isa = PBXBuildFile; fileRef = 949FFC712C7FEC760068ED72 /* MainInfoPListProperty.swift */; };
		949FFC752C7FED6B0068ED72 /* ServiceProvider.swift in Sources */ = {isa = PBXBuildFile; fileRef = 949FFC742C7FED6B0068ED72 /* ServiceProvider.swift */; };
		949FFC7D2C800D300068ED72 /* ArtObjectsCollectionCoordinator.swift in Sources */ = {isa = PBXBuildFile; fileRef = 949FFC7C2C800D300068ED72 /* ArtObjectsCollectionCoordinator.swift */; };
		949FFC802C8015500068ED72 /* ArtObjectDetailViewController.swift in Sources */ = {isa = PBXBuildFile; fileRef = 949FFC7F2C8015500068ED72 /* ArtObjectDetailViewController.swift */; };
		94D2ECF82C81304B003F990E /* MockNavigationController.swift in Sources */ = {isa = PBXBuildFile; fileRef = 94D2ECF72C81304B003F990E /* MockNavigationController.swift */; };
/* End PBXBuildFile section */

/* Begin PBXContainerItemProxy section */
		944AC1FF2C7DDE9B00FA0DD4 /* PBXContainerItemProxy */ = {
			isa = PBXContainerItemProxy;
			containerPortal = 944AC1E02C7DDE9A00FA0DD4 /* Project object */;
			proxyType = 1;
			remoteGlobalIDString = 944AC1E72C7DDE9A00FA0DD4;
			remoteInfo = RijksData;
		};
		944AC2092C7DDE9B00FA0DD4 /* PBXContainerItemProxy */ = {
			isa = PBXContainerItemProxy;
			containerPortal = 944AC1E02C7DDE9A00FA0DD4 /* Project object */;
			proxyType = 1;
			remoteGlobalIDString = 944AC1E72C7DDE9A00FA0DD4;
			remoteInfo = RijksData;
		};
/* End PBXContainerItemProxy section */

/* Begin PBXFileReference section */
		94233B052C808736004C6CD3 /* ArtObjectDetailCoordinator.swift */ = {isa = PBXFileReference; lastKnownFileType = sourcecode.swift; path = ArtObjectDetailCoordinator.swift; sourceTree = "<group>"; };
		94233B082C808E36004C6CD3 /* ID.swift */ = {isa = PBXFileReference; lastKnownFileType = sourcecode.swift; path = ID.swift; sourceTree = "<group>"; };
		94233B0A2C8094BB004C6CD3 /* ArtObjectDetailViewModel.swift */ = {isa = PBXFileReference; lastKnownFileType = sourcecode.swift; path = ArtObjectDetailViewModel.swift; sourceTree = "<group>"; };
		94233B0C2C809527004C6CD3 /* RijkArtObjectDetail.swift */ = {isa = PBXFileReference; lastKnownFileType = sourcecode.swift; path = RijkArtObjectDetail.swift; sourceTree = "<group>"; };
		94233B132C80C12A004C6CD3 /* ArtObjectsCollectionCoordinatorTests.swift */ = {isa = PBXFileReference; lastKnownFileType = sourcecode.swift; path = ArtObjectsCollectionCoordinatorTests.swift; sourceTree = "<group>"; };
		94233B152C80C4B2004C6CD3 /* ArtObjectCategoriesViewModelTests.swift */ = {isa = PBXFileReference; lastKnownFileType = sourcecode.swift; path = ArtObjectCategoriesViewModelTests.swift; sourceTree = "<group>"; };
		94233B172C80DD4E004C6CD3 /* MockAPIRequestManager.swift */ = {isa = PBXFileReference; lastKnownFileType = sourcecode.swift; path = MockAPIRequestManager.swift; sourceTree = "<group>"; };
		94233B192C80DDBD004C6CD3 /* ArtObjectCategoryViewModelTests.swift */ = {isa = PBXFileReference; lastKnownFileType = sourcecode.swift; path = ArtObjectCategoryViewModelTests.swift; sourceTree = "<group>"; };
		94233B1B2C811FE5004C6CD3 /* ArtObjectDetailViewModelTests.swift */ = {isa = PBXFileReference; lastKnownFileType = sourcecode.swift; path = ArtObjectDetailViewModelTests.swift; sourceTree = "<group>"; };
		944AC1E82C7DDE9A00FA0DD4 /* RijksData.app */ = {isa = PBXFileReference; explicitFileType = wrapper.application; includeInIndex = 0; path = RijksData.app; sourceTree = BUILT_PRODUCTS_DIR; };
		944AC1EB2C7DDE9A00FA0DD4 /* AppDelegate.swift */ = {isa = PBXFileReference; lastKnownFileType = sourcecode.swift; path = AppDelegate.swift; sourceTree = "<group>"; };
		944AC1ED2C7DDE9A00FA0DD4 /* SceneDelegate.swift */ = {isa = PBXFileReference; lastKnownFileType = sourcecode.swift; path = SceneDelegate.swift; sourceTree = "<group>"; };
		944AC1EF2C7DDE9A00FA0DD4 /* ArtObjectCategoriesViewController.swift */ = {isa = PBXFileReference; lastKnownFileType = sourcecode.swift; path = ArtObjectCategoriesViewController.swift; sourceTree = "<group>"; };
		944AC1F42C7DDE9B00FA0DD4 /* Assets.xcassets */ = {isa = PBXFileReference; lastKnownFileType = folder.assetcatalog; path = Assets.xcassets; sourceTree = "<group>"; };
		944AC1F72C7DDE9B00FA0DD4 /* Base */ = {isa = PBXFileReference; lastKnownFileType = file.storyboard; name = Base; path = Base.lproj/LaunchScreen.storyboard; sourceTree = "<group>"; };
		944AC1F92C7DDE9B00FA0DD4 /* Info.plist */ = {isa = PBXFileReference; lastKnownFileType = text.plist.xml; path = Info.plist; sourceTree = "<group>"; };
		944AC1FE2C7DDE9B00FA0DD4 /* RijksDataTests.xctest */ = {isa = PBXFileReference; explicitFileType = wrapper.cfbundle; includeInIndex = 0; path = RijksDataTests.xctest; sourceTree = BUILT_PRODUCTS_DIR; };
		944AC2082C7DDE9B00FA0DD4 /* RijksDataUITests.xctest */ = {isa = PBXFileReference; explicitFileType = wrapper.cfbundle; includeInIndex = 0; path = RijksDataUITests.xctest; sourceTree = BUILT_PRODUCTS_DIR; };
		944AC20C2C7DDE9B00FA0DD4 /* RijksDataUITests.swift */ = {isa = PBXFileReference; lastKnownFileType = sourcecode.swift; path = RijksDataUITests.swift; sourceTree = "<group>"; };
		944AC20E2C7DDE9B00FA0DD4 /* RijksDataUITestsLaunchTests.swift */ = {isa = PBXFileReference; lastKnownFileType = sourcecode.swift; path = RijksDataUITestsLaunchTests.swift; sourceTree = "<group>"; };
		949FFC4B2C7E40740068ED72 /* RijksAPIRequestBuilder.swift */ = {isa = PBXFileReference; lastKnownFileType = sourcecode.swift; path = RijksAPIRequestBuilder.swift; sourceTree = "<group>"; };
		949FFC4E2C7EA2910068ED72 /* ArtObjectCategoryView.swift */ = {isa = PBXFileReference; lastKnownFileType = sourcecode.swift; path = ArtObjectCategoryView.swift; sourceTree = "<group>"; };
		949FFC502C7EA2A20068ED72 /* ArtObjectCategoryViewModel.swift */ = {isa = PBXFileReference; lastKnownFileType = sourcecode.swift; path = ArtObjectCategoryViewModel.swift; sourceTree = "<group>"; };
		949FFC522C7F2BE30068ED72 /* ArtObjectCategoriesViewModel.swift */ = {isa = PBXFileReference; lastKnownFileType = sourcecode.swift; path = ArtObjectCategoriesViewModel.swift; sourceTree = "<group>"; };
		949FFC542C7F3C810068ED72 /* RijksCollection.swift */ = {isa = PBXFileReference; lastKnownFileType = sourcecode.swift; path = RijksCollection.swift; sourceTree = "<group>"; };
		949FFC562C7F48360068ED72 /* RijksAPIRequest.swift */ = {isa = PBXFileReference; lastKnownFileType = sourcecode.swift; path = RijksAPIRequest.swift; sourceTree = "<group>"; };
		949FFC582C7F5F690068ED72 /* ArtObjectCategoryHeaderView.swift */ = {isa = PBXFileReference; lastKnownFileType = sourcecode.swift; path = ArtObjectCategoryHeaderView.swift; sourceTree = "<group>"; };
		949FFC5A2C7F7EBD0068ED72 /* TwoRowGridLayout.swift */ = {isa = PBXFileReference; lastKnownFileType = sourcecode.swift; path = TwoRowGridLayout.swift; sourceTree = "<group>"; };
		949FFC5C2C7F7EF70068ED72 /* ArtObjectItemCell.swift */ = {isa = PBXFileReference; lastKnownFileType = sourcecode.swift; path = ArtObjectItemCell.swift; sourceTree = "<group>"; };
		949FFC5F2C7F834B0068ED72 /* RijkArtObject.swift */ = {isa = PBXFileReference; lastKnownFileType = sourcecode.swift; path = RijkArtObject.swift; sourceTree = "<group>"; };
		949FFC672C7FE5EF0068ED72 /* LoadingCell.swift */ = {isa = PBXFileReference; lastKnownFileType = sourcecode.swift; path = LoadingCell.swift; sourceTree = "<group>"; };
		949FFC692C7FE6000068ED72 /* TryAgainCell.swift */ = {isa = PBXFileReference; lastKnownFileType = sourcecode.swift; path = TryAgainCell.swift; sourceTree = "<group>"; };
		949FFC6C2C7FE7D50068ED72 /* Config.xcconfig */ = {isa = PBXFileReference; lastKnownFileType = text.xcconfig; path = Config.xcconfig; sourceTree = "<group>"; };
		949FFC6D2C7FEBE50068ED72 /* AppConfiguration.swift */ = {isa = PBXFileReference; lastKnownFileType = sourcecode.swift; path = AppConfiguration.swift; sourceTree = "<group>"; };
		949FFC712C7FEC760068ED72 /* MainInfoPListProperty.swift */ = {isa = PBXFileReference; lastKnownFileType = sourcecode.swift; path = MainInfoPListProperty.swift; sourceTree = "<group>"; };
		949FFC742C7FED6B0068ED72 /* ServiceProvider.swift */ = {isa = PBXFileReference; lastKnownFileType = sourcecode.swift; path = ServiceProvider.swift; sourceTree = "<group>"; };
		949FFC7C2C800D300068ED72 /* ArtObjectsCollectionCoordinator.swift */ = {isa = PBXFileReference; lastKnownFileType = sourcecode.swift; path = ArtObjectsCollectionCoordinator.swift; sourceTree = "<group>"; };
		949FFC7F2C8015500068ED72 /* ArtObjectDetailViewController.swift */ = {isa = PBXFileReference; lastKnownFileType = sourcecode.swift; path = ArtObjectDetailViewController.swift; sourceTree = "<group>"; };
		94D2ECF72C81304B003F990E /* MockNavigationController.swift */ = {isa = PBXFileReference; lastKnownFileType = sourcecode.swift; path = MockNavigationController.swift; sourceTree = "<group>"; };
		94D2ECF92C81312C003F990E /* RijksData.xctestplan */ = {isa = PBXFileReference; lastKnownFileType = text; path = RijksData.xctestplan; sourceTree = "<group>"; };
/* End PBXFileReference section */

/* Begin PBXFrameworksBuildPhase section */
		944AC1E52C7DDE9A00FA0DD4 /* Frameworks */ = {
			isa = PBXFrameworksBuildPhase;
			buildActionMask = 2147483647;
			files = (
				944AC21D2C7E33B300FA0DD4 /* NetworkCore in Frameworks */,
				949FFC642C7FAA110068ED72 /* Nuke in Frameworks */,
			);
			runOnlyForDeploymentPostprocessing = 0;
		};
		944AC1FB2C7DDE9B00FA0DD4 /* Frameworks */ = {
			isa = PBXFrameworksBuildPhase;
			buildActionMask = 2147483647;
			files = (
			);
			runOnlyForDeploymentPostprocessing = 0;
		};
		944AC2052C7DDE9B00FA0DD4 /* Frameworks */ = {
			isa = PBXFrameworksBuildPhase;
			buildActionMask = 2147483647;
			files = (
			);
			runOnlyForDeploymentPostprocessing = 0;
		};
/* End PBXFrameworksBuildPhase section */

/* Begin PBXGroup section */
		94233B072C808E2E004C6CD3 /* Types */ = {
			isa = PBXGroup;
			children = (
				94233B082C808E36004C6CD3 /* ID.swift */,
			);
			path = Types;
			sourceTree = "<group>";
		};
		944AC1DF2C7DDE9A00FA0DD4 = {
			isa = PBXGroup;
			children = (
				944AC1EA2C7DDE9A00FA0DD4 /* RijksData */,
				944AC2012C7DDE9B00FA0DD4 /* RijksDataTests */,
				944AC20B2C7DDE9B00FA0DD4 /* RijksDataUITests */,
				944AC1E92C7DDE9A00FA0DD4 /* Products */,
			);
			sourceTree = "<group>";
		};
		944AC1E92C7DDE9A00FA0DD4 /* Products */ = {
			isa = PBXGroup;
			children = (
				944AC1E82C7DDE9A00FA0DD4 /* RijksData.app */,
				944AC1FE2C7DDE9B00FA0DD4 /* RijksDataTests.xctest */,
				944AC2082C7DDE9B00FA0DD4 /* RijksDataUITests.xctest */,
			);
			name = Products;
			sourceTree = "<group>";
		};
		944AC1EA2C7DDE9A00FA0DD4 /* RijksData */ = {
			isa = PBXGroup;
			children = (
				944AC1EB2C7DDE9A00FA0DD4 /* AppDelegate.swift */,
				944AC1ED2C7DDE9A00FA0DD4 /* SceneDelegate.swift */,
				949FFC6D2C7FEBE50068ED72 /* AppConfiguration.swift */,
				949FFC6F2C7FEC4B0068ED72 /* Utils */,
				949FFC5E2C7F83440068ED72 /* Models */,
				949FFC732C7FED120068ED72 /* Services */,
				949FFC7B2C800D070068ED72 /* ArtObjectsCollection */,
				949FFC7E2C8015340068ED72 /* ArtObjectDetails */,
				944AC1F42C7DDE9B00FA0DD4 /* Assets.xcassets */,
				944AC1F62C7DDE9B00FA0DD4 /* LaunchScreen.storyboard */,
				944AC1F92C7DDE9B00FA0DD4 /* Info.plist */,
				949FFC6C2C7FE7D50068ED72 /* Config.xcconfig */,
				94D2ECF92C81312C003F990E /* RijksData.xctestplan */,
			);
			path = RijksData;
			sourceTree = "<group>";
		};
		944AC2012C7DDE9B00FA0DD4 /* RijksDataTests */ = {
			isa = PBXGroup;
			children = (
				94D2ECF62C81301B003F990E /* Mocks */,
				94233B132C80C12A004C6CD3 /* ArtObjectsCollectionCoordinatorTests.swift */,
				94233B152C80C4B2004C6CD3 /* ArtObjectCategoriesViewModelTests.swift */,
				94233B192C80DDBD004C6CD3 /* ArtObjectCategoryViewModelTests.swift */,
				94233B1B2C811FE5004C6CD3 /* ArtObjectDetailViewModelTests.swift */,
			);
			path = RijksDataTests;
			sourceTree = "<group>";
		};
		944AC20B2C7DDE9B00FA0DD4 /* RijksDataUITests */ = {
			isa = PBXGroup;
			children = (
				944AC20C2C7DDE9B00FA0DD4 /* RijksDataUITests.swift */,
				944AC20E2C7DDE9B00FA0DD4 /* RijksDataUITestsLaunchTests.swift */,
			);
			path = RijksDataUITests;
			sourceTree = "<group>";
		};
		949FFC4D2C7EA2690068ED72 /* Category */ = {
			isa = PBXGroup;
			children = (
				949FFC662C7FE5AA0068ED72 /* Views */,
				949FFC502C7EA2A20068ED72 /* ArtObjectCategoryViewModel.swift */,
				949FFC4E2C7EA2910068ED72 /* ArtObjectCategoryView.swift */,
				949FFC5A2C7F7EBD0068ED72 /* TwoRowGridLayout.swift */,
			);
			path = Category;
			sourceTree = "<group>";
		};
		949FFC5E2C7F83440068ED72 /* Models */ = {
			isa = PBXGroup;
			children = (
				949FFC652C7FE5760068ED72 /* API */,
				949FFC542C7F3C810068ED72 /* RijksCollection.swift */,
				949FFC5F2C7F834B0068ED72 /* RijkArtObject.swift */,
				94233B0C2C809527004C6CD3 /* RijkArtObjectDetail.swift */,
			);
			path = Models;
			sourceTree = "<group>";
		};
		949FFC612C7F83810068ED72 /* Categories */ = {
			isa = PBXGroup;
			children = (
				949FFC6B2C7FE6380068ED72 /* Views */,
				949FFC522C7F2BE30068ED72 /* ArtObjectCategoriesViewModel.swift */,
				944AC1EF2C7DDE9A00FA0DD4 /* ArtObjectCategoriesViewController.swift */,
			);
			path = Categories;
			sourceTree = "<group>";
		};
		949FFC652C7FE5760068ED72 /* API */ = {
			isa = PBXGroup;
			children = (
				949FFC562C7F48360068ED72 /* RijksAPIRequest.swift */,
				949FFC4B2C7E40740068ED72 /* RijksAPIRequestBuilder.swift */,
			);
			path = API;
			sourceTree = "<group>";
		};
		949FFC662C7FE5AA0068ED72 /* Views */ = {
			isa = PBXGroup;
			children = (
				949FFC5C2C7F7EF70068ED72 /* ArtObjectItemCell.swift */,
				949FFC672C7FE5EF0068ED72 /* LoadingCell.swift */,
				949FFC692C7FE6000068ED72 /* TryAgainCell.swift */,
			);
			path = Views;
			sourceTree = "<group>";
		};
		949FFC6B2C7FE6380068ED72 /* Views */ = {
			isa = PBXGroup;
			children = (
				949FFC582C7F5F690068ED72 /* ArtObjectCategoryHeaderView.swift */,
			);
			path = Views;
			sourceTree = "<group>";
		};
		949FFC6F2C7FEC4B0068ED72 /* Utils */ = {
			isa = PBXGroup;
			children = (
				94233B072C808E2E004C6CD3 /* Types */,
				949FFC702C7FEC5E0068ED72 /* PropertyWrappers */,
			);
			path = Utils;
			sourceTree = "<group>";
		};
		949FFC702C7FEC5E0068ED72 /* PropertyWrappers */ = {
			isa = PBXGroup;
			children = (
				949FFC712C7FEC760068ED72 /* MainInfoPListProperty.swift */,
			);
			path = PropertyWrappers;
			sourceTree = "<group>";
		};
		949FFC732C7FED120068ED72 /* Services */ = {
			isa = PBXGroup;
			children = (
				949FFC742C7FED6B0068ED72 /* ServiceProvider.swift */,
			);
			path = Services;
			sourceTree = "<group>";
		};
		949FFC7B2C800D070068ED72 /* ArtObjectsCollection */ = {
			isa = PBXGroup;
			children = (
				949FFC7C2C800D300068ED72 /* ArtObjectsCollectionCoordinator.swift */,
				949FFC612C7F83810068ED72 /* Categories */,
				949FFC4D2C7EA2690068ED72 /* Category */,
			);
			path = ArtObjectsCollection;
			sourceTree = "<group>";
		};
		949FFC7E2C8015340068ED72 /* ArtObjectDetails */ = {
			isa = PBXGroup;
			children = (
				94233B052C808736004C6CD3 /* ArtObjectDetailCoordinator.swift */,
				94233B0A2C8094BB004C6CD3 /* ArtObjectDetailViewModel.swift */,
				949FFC7F2C8015500068ED72 /* ArtObjectDetailViewController.swift */,
			);
			path = ArtObjectDetails;
			sourceTree = "<group>";
		};
		94D2ECF62C81301B003F990E /* Mocks */ = {
			isa = PBXGroup;
			children = (
				94233B172C80DD4E004C6CD3 /* MockAPIRequestManager.swift */,
				94D2ECF72C81304B003F990E /* MockNavigationController.swift */,
			);
			path = Mocks;
			sourceTree = "<group>";
		};
/* End PBXGroup section */

/* Begin PBXNativeTarget section */
		944AC1E72C7DDE9A00FA0DD4 /* RijksData */ = {
			isa = PBXNativeTarget;
			buildConfigurationList = 944AC2122C7DDE9B00FA0DD4 /* Build configuration list for PBXNativeTarget "RijksData" */;
			buildPhases = (
				944AC1E42C7DDE9A00FA0DD4 /* Sources */,
				944AC1E52C7DDE9A00FA0DD4 /* Frameworks */,
				944AC1E62C7DDE9A00FA0DD4 /* Resources */,
			);
			buildRules = (
			);
			dependencies = (
				94233B122C80BD13004C6CD3 /* PBXTargetDependency */,
			);
			name = RijksData;
			packageProductDependencies = (
				944AC21C2C7E33B300FA0DD4 /* NetworkCore */,
				949FFC632C7FAA110068ED72 /* Nuke */,
			);
			productName = RijksData;
			productReference = 944AC1E82C7DDE9A00FA0DD4 /* RijksData.app */;
			productType = "com.apple.product-type.application";
		};
		944AC1FD2C7DDE9B00FA0DD4 /* RijksDataTests */ = {
			isa = PBXNativeTarget;
			buildConfigurationList = 944AC2152C7DDE9B00FA0DD4 /* Build configuration list for PBXNativeTarget "RijksDataTests" */;
			buildPhases = (
				944AC1FA2C7DDE9B00FA0DD4 /* Sources */,
				944AC1FB2C7DDE9B00FA0DD4 /* Frameworks */,
				944AC1FC2C7DDE9B00FA0DD4 /* Resources */,
			);
			buildRules = (
			);
			dependencies = (
				944AC2002C7DDE9B00FA0DD4 /* PBXTargetDependency */,
			);
			name = RijksDataTests;
			productName = RijksDataTests;
			productReference = 944AC1FE2C7DDE9B00FA0DD4 /* RijksDataTests.xctest */;
			productType = "com.apple.product-type.bundle.unit-test";
		};
		944AC2072C7DDE9B00FA0DD4 /* RijksDataUITests */ = {
			isa = PBXNativeTarget;
			buildConfigurationList = 944AC2182C7DDE9B00FA0DD4 /* Build configuration list for PBXNativeTarget "RijksDataUITests" */;
			buildPhases = (
				944AC2042C7DDE9B00FA0DD4 /* Sources */,
				944AC2052C7DDE9B00FA0DD4 /* Frameworks */,
				944AC2062C7DDE9B00FA0DD4 /* Resources */,
			);
			buildRules = (
			);
			dependencies = (
				944AC20A2C7DDE9B00FA0DD4 /* PBXTargetDependency */,
			);
			name = RijksDataUITests;
			productName = RijksDataUITests;
			productReference = 944AC2082C7DDE9B00FA0DD4 /* RijksDataUITests.xctest */;
			productType = "com.apple.product-type.bundle.ui-testing";
		};
/* End PBXNativeTarget section */

/* Begin PBXProject section */
		944AC1E02C7DDE9A00FA0DD4 /* Project object */ = {
			isa = PBXProject;
			attributes = {
				BuildIndependentTargetsInParallel = 1;
				LastSwiftUpdateCheck = 1540;
				LastUpgradeCheck = 1540;
				TargetAttributes = {
					944AC1E72C7DDE9A00FA0DD4 = {
						CreatedOnToolsVersion = 15.4;
					};
					944AC1FD2C7DDE9B00FA0DD4 = {
						CreatedOnToolsVersion = 15.4;
						TestTargetID = 944AC1E72C7DDE9A00FA0DD4;
					};
					944AC2072C7DDE9B00FA0DD4 = {
						CreatedOnToolsVersion = 15.4;
						TestTargetID = 944AC1E72C7DDE9A00FA0DD4;
					};
				};
			};
			buildConfigurationList = 944AC1E32C7DDE9A00FA0DD4 /* Build configuration list for PBXProject "RijksData" */;
			compatibilityVersion = "Xcode 14.0";
			developmentRegion = en;
			hasScannedForEncodings = 0;
			knownRegions = (
				en,
				Base,
			);
			mainGroup = 944AC1DF2C7DDE9A00FA0DD4;
			packageReferences = (
				944AC21B2C7E33B300FA0DD4 /* XCLocalSwiftPackageReference "NetworkCore" */,
				949FFC622C7FAA110068ED72 /* XCRemoteSwiftPackageReference "Nuke" */,
				94233B0E2C80BD0B004C6CD3 /* XCRemoteSwiftPackageReference "Swiftlint" */,
			);
			productRefGroup = 944AC1E92C7DDE9A00FA0DD4 /* Products */;
			projectDirPath = "";
			projectRoot = "";
			targets = (
				944AC1E72C7DDE9A00FA0DD4 /* RijksData */,
				944AC1FD2C7DDE9B00FA0DD4 /* RijksDataTests */,
				944AC2072C7DDE9B00FA0DD4 /* RijksDataUITests */,
			);
		};
/* End PBXProject section */

/* Begin PBXResourcesBuildPhase section */
		944AC1E62C7DDE9A00FA0DD4 /* Resources */ = {
			isa = PBXResourcesBuildPhase;
			buildActionMask = 2147483647;
			files = (
				944AC1F52C7DDE9B00FA0DD4 /* Assets.xcassets in Resources */,
				944AC1F82C7DDE9B00FA0DD4 /* Base in Resources */,
			);
			runOnlyForDeploymentPostprocessing = 0;
		};
		944AC1FC2C7DDE9B00FA0DD4 /* Resources */ = {
			isa = PBXResourcesBuildPhase;
			buildActionMask = 2147483647;
			files = (
			);
			runOnlyForDeploymentPostprocessing = 0;
		};
		944AC2062C7DDE9B00FA0DD4 /* Resources */ = {
			isa = PBXResourcesBuildPhase;
			buildActionMask = 2147483647;
			files = (
			);
			runOnlyForDeploymentPostprocessing = 0;
		};
/* End PBXResourcesBuildPhase section */

/* Begin PBXSourcesBuildPhase section */
		944AC1E42C7DDE9A00FA0DD4 /* Sources */ = {
			isa = PBXSourcesBuildPhase;
			buildActionMask = 2147483647;
			files = (
				949FFC4C2C7E40740068ED72 /* RijksAPIRequestBuilder.swift in Sources */,
				949FFC572C7F48360068ED72 /* RijksAPIRequest.swift in Sources */,
				949FFC722C7FEC760068ED72 /* MainInfoPListProperty.swift in Sources */,
				949FFC532C7F2BE30068ED72 /* ArtObjectCategoriesViewModel.swift in Sources */,
				944AC1F02C7DDE9A00FA0DD4 /* ArtObjectCategoriesViewController.swift in Sources */,
				949FFC682C7FE5EF0068ED72 /* LoadingCell.swift in Sources */,
				949FFC592C7F5F690068ED72 /* ArtObjectCategoryHeaderView.swift in Sources */,
				949FFC512C7EA2A20068ED72 /* ArtObjectCategoryViewModel.swift in Sources */,
				949FFC5B2C7F7EBD0068ED72 /* TwoRowGridLayout.swift in Sources */,
				949FFC5D2C7F7EF70068ED72 /* ArtObjectItemCell.swift in Sources */,
				949FFC802C8015500068ED72 /* ArtObjectDetailViewController.swift in Sources */,
				949FFC602C7F834B0068ED72 /* RijkArtObject.swift in Sources */,
				94233B092C808E36004C6CD3 /* ID.swift in Sources */,
				94233B0D2C809527004C6CD3 /* RijkArtObjectDetail.swift in Sources */,
				949FFC6E2C7FEBE50068ED72 /* AppConfiguration.swift in Sources */,
				949FFC752C7FED6B0068ED72 /* ServiceProvider.swift in Sources */,
				949FFC7D2C800D300068ED72 /* ArtObjectsCollectionCoordinator.swift in Sources */,
				94233B062C808736004C6CD3 /* ArtObjectDetailCoordinator.swift in Sources */,
				944AC1EC2C7DDE9A00FA0DD4 /* AppDelegate.swift in Sources */,
				944AC1EE2C7DDE9A00FA0DD4 /* SceneDelegate.swift in Sources */,
				949FFC4F2C7EA2910068ED72 /* ArtObjectCategoryView.swift in Sources */,
				94233B0B2C8094BB004C6CD3 /* ArtObjectDetailViewModel.swift in Sources */,
				949FFC6A2C7FE6000068ED72 /* TryAgainCell.swift in Sources */,
				949FFC552C7F3C810068ED72 /* RijksCollection.swift in Sources */,
			);
			runOnlyForDeploymentPostprocessing = 0;
		};
		944AC1FA2C7DDE9B00FA0DD4 /* Sources */ = {
			isa = PBXSourcesBuildPhase;
			buildActionMask = 2147483647;
			files = (
				94233B162C80C4B2004C6CD3 /* ArtObjectCategoriesViewModelTests.swift in Sources */,
				94233B182C80DD4E004C6CD3 /* MockAPIRequestManager.swift in Sources */,
				94233B1A2C80DDBD004C6CD3 /* ArtObjectCategoryViewModelTests.swift in Sources */,
				94233B1C2C811FE5004C6CD3 /* ArtObjectDetailViewModelTests.swift in Sources */,
				94233B142C80C12A004C6CD3 /* ArtObjectsCollectionCoordinatorTests.swift in Sources */,
				94D2ECF82C81304B003F990E /* MockNavigationController.swift in Sources */,
			);
			runOnlyForDeploymentPostprocessing = 0;
		};
		944AC2042C7DDE9B00FA0DD4 /* Sources */ = {
			isa = PBXSourcesBuildPhase;
			buildActionMask = 2147483647;
			files = (
				944AC20F2C7DDE9B00FA0DD4 /* RijksDataUITestsLaunchTests.swift in Sources */,
				944AC20D2C7DDE9B00FA0DD4 /* RijksDataUITests.swift in Sources */,
			);
			runOnlyForDeploymentPostprocessing = 0;
		};
/* End PBXSourcesBuildPhase section */

/* Begin PBXTargetDependency section */
		94233B122C80BD13004C6CD3 /* PBXTargetDependency */ = {
			isa = PBXTargetDependency;
			productRef = 94233B112C80BD13004C6CD3 /* SwiftLintPlugin */;
		};
		944AC2002C7DDE9B00FA0DD4 /* PBXTargetDependency */ = {
			isa = PBXTargetDependency;
			target = 944AC1E72C7DDE9A00FA0DD4 /* RijksData */;
			targetProxy = 944AC1FF2C7DDE9B00FA0DD4 /* PBXContainerItemProxy */;
		};
		944AC20A2C7DDE9B00FA0DD4 /* PBXTargetDependency */ = {
			isa = PBXTargetDependency;
			target = 944AC1E72C7DDE9A00FA0DD4 /* RijksData */;
			targetProxy = 944AC2092C7DDE9B00FA0DD4 /* PBXContainerItemProxy */;
		};
/* End PBXTargetDependency section */

/* Begin PBXVariantGroup section */
		944AC1F62C7DDE9B00FA0DD4 /* LaunchScreen.storyboard */ = {
			isa = PBXVariantGroup;
			children = (
				944AC1F72C7DDE9B00FA0DD4 /* Base */,
			);
			name = LaunchScreen.storyboard;
			sourceTree = "<group>";
		};
/* End PBXVariantGroup section */

/* Begin XCBuildConfiguration section */
		944AC2102C7DDE9B00FA0DD4 /* Debug */ = {
			isa = XCBuildConfiguration;
			baseConfigurationReference = 949FFC6C2C7FE7D50068ED72 /* Config.xcconfig */;
			buildSettings = {
				ALWAYS_SEARCH_USER_PATHS = NO;
				ASSETCATALOG_COMPILER_GENERATE_SWIFT_ASSET_SYMBOL_EXTENSIONS = YES;
				CLANG_ANALYZER_NONNULL = YES;
				CLANG_ANALYZER_NUMBER_OBJECT_CONVERSION = YES_AGGRESSIVE;
				CLANG_CXX_LANGUAGE_STANDARD = "gnu++20";
				CLANG_ENABLE_MODULES = YES;
				CLANG_ENABLE_OBJC_ARC = YES;
				CLANG_ENABLE_OBJC_WEAK = YES;
				CLANG_WARN_BLOCK_CAPTURE_AUTORELEASING = YES;
				CLANG_WARN_BOOL_CONVERSION = YES;
				CLANG_WARN_COMMA = YES;
				CLANG_WARN_CONSTANT_CONVERSION = YES;
				CLANG_WARN_DEPRECATED_OBJC_IMPLEMENTATIONS = YES;
				CLANG_WARN_DIRECT_OBJC_ISA_USAGE = YES_ERROR;
				CLANG_WARN_DOCUMENTATION_COMMENTS = YES;
				CLANG_WARN_EMPTY_BODY = YES;
				CLANG_WARN_ENUM_CONVERSION = YES;
				CLANG_WARN_INFINITE_RECURSION = YES;
				CLANG_WARN_INT_CONVERSION = YES;
				CLANG_WARN_NON_LITERAL_NULL_CONVERSION = YES;
				CLANG_WARN_OBJC_IMPLICIT_RETAIN_SELF = YES;
				CLANG_WARN_OBJC_LITERAL_CONVERSION = YES;
				CLANG_WARN_OBJC_ROOT_CLASS = YES_ERROR;
				CLANG_WARN_QUOTED_INCLUDE_IN_FRAMEWORK_HEADER = YES;
				CLANG_WARN_RANGE_LOOP_ANALYSIS = YES;
				CLANG_WARN_STRICT_PROTOTYPES = YES;
				CLANG_WARN_SUSPICIOUS_MOVE = YES;
				CLANG_WARN_UNGUARDED_AVAILABILITY = YES_AGGRESSIVE;
				CLANG_WARN_UNREACHABLE_CODE = YES;
				CLANG_WARN__DUPLICATE_METHOD_MATCH = YES;
				COPY_PHASE_STRIP = NO;
				DEBUG_INFORMATION_FORMAT = dwarf;
				ENABLE_STRICT_OBJC_MSGSEND = YES;
				ENABLE_TESTABILITY = YES;
				ENABLE_USER_SCRIPT_SANDBOXING = YES;
				GCC_C_LANGUAGE_STANDARD = gnu17;
				GCC_DYNAMIC_NO_PIC = NO;
				GCC_NO_COMMON_BLOCKS = YES;
				GCC_OPTIMIZATION_LEVEL = 0;
				GCC_PREPROCESSOR_DEFINITIONS = (
					"DEBUG=1",
					"$(inherited)",
				);
				GCC_WARN_64_TO_32_BIT_CONVERSION = YES;
				GCC_WARN_ABOUT_RETURN_TYPE = YES_ERROR;
				GCC_WARN_UNDECLARED_SELECTOR = YES;
				GCC_WARN_UNINITIALIZED_AUTOS = YES_AGGRESSIVE;
				GCC_WARN_UNUSED_FUNCTION = YES;
				GCC_WARN_UNUSED_VARIABLE = YES;
				IPHONEOS_DEPLOYMENT_TARGET = 17.5;
				LOCALIZATION_PREFERS_STRING_CATALOGS = YES;
				MTL_ENABLE_DEBUG_INFO = INCLUDE_SOURCE;
				MTL_FAST_MATH = YES;
				ONLY_ACTIVE_ARCH = YES;
				SDKROOT = iphoneos;
				SWIFT_ACTIVE_COMPILATION_CONDITIONS = "DEBUG $(inherited)";
				SWIFT_OPTIMIZATION_LEVEL = "-Onone";
			};
			name = Debug;
		};
		944AC2112C7DDE9B00FA0DD4 /* Release */ = {
			isa = XCBuildConfiguration;
			baseConfigurationReference = 949FFC6C2C7FE7D50068ED72 /* Config.xcconfig */;
			buildSettings = {
				ALWAYS_SEARCH_USER_PATHS = NO;
				ASSETCATALOG_COMPILER_GENERATE_SWIFT_ASSET_SYMBOL_EXTENSIONS = YES;
				CLANG_ANALYZER_NONNULL = YES;
				CLANG_ANALYZER_NUMBER_OBJECT_CONVERSION = YES_AGGRESSIVE;
				CLANG_CXX_LANGUAGE_STANDARD = "gnu++20";
				CLANG_ENABLE_MODULES = YES;
				CLANG_ENABLE_OBJC_ARC = YES;
				CLANG_ENABLE_OBJC_WEAK = YES;
				CLANG_WARN_BLOCK_CAPTURE_AUTORELEASING = YES;
				CLANG_WARN_BOOL_CONVERSION = YES;
				CLANG_WARN_COMMA = YES;
				CLANG_WARN_CONSTANT_CONVERSION = YES;
				CLANG_WARN_DEPRECATED_OBJC_IMPLEMENTATIONS = YES;
				CLANG_WARN_DIRECT_OBJC_ISA_USAGE = YES_ERROR;
				CLANG_WARN_DOCUMENTATION_COMMENTS = YES;
				CLANG_WARN_EMPTY_BODY = YES;
				CLANG_WARN_ENUM_CONVERSION = YES;
				CLANG_WARN_INFINITE_RECURSION = YES;
				CLANG_WARN_INT_CONVERSION = YES;
				CLANG_WARN_NON_LITERAL_NULL_CONVERSION = YES;
				CLANG_WARN_OBJC_IMPLICIT_RETAIN_SELF = YES;
				CLANG_WARN_OBJC_LITERAL_CONVERSION = YES;
				CLANG_WARN_OBJC_ROOT_CLASS = YES_ERROR;
				CLANG_WARN_QUOTED_INCLUDE_IN_FRAMEWORK_HEADER = YES;
				CLANG_WARN_RANGE_LOOP_ANALYSIS = YES;
				CLANG_WARN_STRICT_PROTOTYPES = YES;
				CLANG_WARN_SUSPICIOUS_MOVE = YES;
				CLANG_WARN_UNGUARDED_AVAILABILITY = YES_AGGRESSIVE;
				CLANG_WARN_UNREACHABLE_CODE = YES;
				CLANG_WARN__DUPLICATE_METHOD_MATCH = YES;
				COPY_PHASE_STRIP = NO;
				DEBUG_INFORMATION_FORMAT = "dwarf-with-dsym";
				ENABLE_NS_ASSERTIONS = NO;
				ENABLE_STRICT_OBJC_MSGSEND = YES;
				ENABLE_USER_SCRIPT_SANDBOXING = YES;
				GCC_C_LANGUAGE_STANDARD = gnu17;
				GCC_NO_COMMON_BLOCKS = YES;
				GCC_WARN_64_TO_32_BIT_CONVERSION = YES;
				GCC_WARN_ABOUT_RETURN_TYPE = YES_ERROR;
				GCC_WARN_UNDECLARED_SELECTOR = YES;
				GCC_WARN_UNINITIALIZED_AUTOS = YES_AGGRESSIVE;
				GCC_WARN_UNUSED_FUNCTION = YES;
				GCC_WARN_UNUSED_VARIABLE = YES;
				IPHONEOS_DEPLOYMENT_TARGET = 17.5;
				LOCALIZATION_PREFERS_STRING_CATALOGS = YES;
				MTL_ENABLE_DEBUG_INFO = NO;
				MTL_FAST_MATH = YES;
				SDKROOT = iphoneos;
				SWIFT_COMPILATION_MODE = wholemodule;
				VALIDATE_PRODUCT = YES;
			};
			name = Release;
		};
		944AC2132C7DDE9B00FA0DD4 /* Debug */ = {
			isa = XCBuildConfiguration;
			buildSettings = {
				ASSETCATALOG_COMPILER_APPICON_NAME = AppIcon;
				ASSETCATALOG_COMPILER_GLOBAL_ACCENT_COLOR_NAME = AccentColor;
				CODE_SIGN_STYLE = Automatic;
				CURRENT_PROJECT_VERSION = 1;
				GENERATE_INFOPLIST_FILE = YES;
				INFOPLIST_FILE = RijksData/Info.plist;
				INFOPLIST_KEY_UIApplicationSupportsIndirectInputEvents = YES;
				INFOPLIST_KEY_UILaunchStoryboardName = LaunchScreen;
				INFOPLIST_KEY_UISupportedInterfaceOrientations_iPad = "UIInterfaceOrientationPortrait UIInterfaceOrientationPortraitUpsideDown UIInterfaceOrientationLandscapeLeft UIInterfaceOrientationLandscapeRight";
				INFOPLIST_KEY_UISupportedInterfaceOrientations_iPhone = "UIInterfaceOrientationPortrait UIInterfaceOrientationLandscapeLeft UIInterfaceOrientationLandscapeRight";
				LD_RUNPATH_SEARCH_PATHS = (
					"$(inherited)",
					"@executable_path/Frameworks",
				);
				MARKETING_VERSION = 1.0;
				PRODUCT_BUNDLE_IDENTIFIER = com.home.RijksData;
				PRODUCT_NAME = "$(TARGET_NAME)";
				SWIFT_EMIT_LOC_STRINGS = YES;
				SWIFT_STRICT_CONCURRENCY = complete;
				SWIFT_VERSION = 5.0;
				TARGETED_DEVICE_FAMILY = "1,2";
			};
			name = Debug;
		};
		944AC2142C7DDE9B00FA0DD4 /* Release */ = {
			isa = XCBuildConfiguration;
			buildSettings = {
				ASSETCATALOG_COMPILER_APPICON_NAME = AppIcon;
				ASSETCATALOG_COMPILER_GLOBAL_ACCENT_COLOR_NAME = AccentColor;
				CODE_SIGN_STYLE = Automatic;
				CURRENT_PROJECT_VERSION = 1;
				GENERATE_INFOPLIST_FILE = YES;
				INFOPLIST_FILE = RijksData/Info.plist;
				INFOPLIST_KEY_UIApplicationSupportsIndirectInputEvents = YES;
				INFOPLIST_KEY_UILaunchStoryboardName = LaunchScreen;
				INFOPLIST_KEY_UISupportedInterfaceOrientations_iPad = "UIInterfaceOrientationPortrait UIInterfaceOrientationPortraitUpsideDown UIInterfaceOrientationLandscapeLeft UIInterfaceOrientationLandscapeRight";
				INFOPLIST_KEY_UISupportedInterfaceOrientations_iPhone = "UIInterfaceOrientationPortrait UIInterfaceOrientationLandscapeLeft UIInterfaceOrientationLandscapeRight";
				LD_RUNPATH_SEARCH_PATHS = (
					"$(inherited)",
					"@executable_path/Frameworks",
				);
				MARKETING_VERSION = 1.0;
				PRODUCT_BUNDLE_IDENTIFIER = com.home.RijksData;
				PRODUCT_NAME = "$(TARGET_NAME)";
				SWIFT_EMIT_LOC_STRINGS = YES;
				SWIFT_STRICT_CONCURRENCY = complete;
				SWIFT_VERSION = 5.0;
				TARGETED_DEVICE_FAMILY = "1,2";
			};
			name = Release;
		};
		944AC2162C7DDE9B00FA0DD4 /* Debug */ = {
			isa = XCBuildConfiguration;
			buildSettings = {
				ALWAYS_EMBED_SWIFT_STANDARD_LIBRARIES = YES;
				BUNDLE_LOADER = "$(TEST_HOST)";
				CODE_SIGN_STYLE = Automatic;
				CURRENT_PROJECT_VERSION = 1;
				GENERATE_INFOPLIST_FILE = YES;
				IPHONEOS_DEPLOYMENT_TARGET = 17.5;
				MARKETING_VERSION = 1.0;
				PRODUCT_BUNDLE_IDENTIFIER = com.home.RijksDataTests;
				PRODUCT_NAME = "$(TARGET_NAME)";
				SWIFT_EMIT_LOC_STRINGS = NO;
				SWIFT_VERSION = 5.0;
				TARGETED_DEVICE_FAMILY = "1,2";
				TEST_HOST = "$(BUILT_PRODUCTS_DIR)/RijksData.app/$(BUNDLE_EXECUTABLE_FOLDER_PATH)/RijksData";
			};
			name = Debug;
		};
		944AC2172C7DDE9B00FA0DD4 /* Release */ = {
			isa = XCBuildConfiguration;
			buildSettings = {
				ALWAYS_EMBED_SWIFT_STANDARD_LIBRARIES = YES;
				BUNDLE_LOADER = "$(TEST_HOST)";
				CODE_SIGN_STYLE = Automatic;
				CURRENT_PROJECT_VERSION = 1;
				GENERATE_INFOPLIST_FILE = YES;
				IPHONEOS_DEPLOYMENT_TARGET = 17.5;
				MARKETING_VERSION = 1.0;
				PRODUCT_BUNDLE_IDENTIFIER = com.home.RijksDataTests;
				PRODUCT_NAME = "$(TARGET_NAME)";
				SWIFT_EMIT_LOC_STRINGS = NO;
				SWIFT_VERSION = 5.0;
				TARGETED_DEVICE_FAMILY = "1,2";
				TEST_HOST = "$(BUILT_PRODUCTS_DIR)/RijksData.app/$(BUNDLE_EXECUTABLE_FOLDER_PATH)/RijksData";
			};
			name = Release;
		};
		944AC2192C7DDE9B00FA0DD4 /* Debug */ = {
			isa = XCBuildConfiguration;
			buildSettings = {
				ALWAYS_EMBED_SWIFT_STANDARD_LIBRARIES = YES;
				CODE_SIGN_STYLE = Automatic;
				CURRENT_PROJECT_VERSION = 1;
				GENERATE_INFOPLIST_FILE = YES;
				MARKETING_VERSION = 1.0;
				PRODUCT_BUNDLE_IDENTIFIER = com.home.RijksDataUITests;
				PRODUCT_NAME = "$(TARGET_NAME)";
				SWIFT_EMIT_LOC_STRINGS = NO;
				SWIFT_VERSION = 5.0;
				TARGETED_DEVICE_FAMILY = "1,2";
				TEST_TARGET_NAME = RijksData;
			};
			name = Debug;
		};
		944AC21A2C7DDE9B00FA0DD4 /* Release */ = {
			isa = XCBuildConfiguration;
			buildSettings = {
				ALWAYS_EMBED_SWIFT_STANDARD_LIBRARIES = YES;
				CODE_SIGN_STYLE = Automatic;
				CURRENT_PROJECT_VERSION = 1;
				GENERATE_INFOPLIST_FILE = YES;
				MARKETING_VERSION = 1.0;
				PRODUCT_BUNDLE_IDENTIFIER = com.home.RijksDataUITests;
				PRODUCT_NAME = "$(TARGET_NAME)";
				SWIFT_EMIT_LOC_STRINGS = NO;
				SWIFT_VERSION = 5.0;
				TARGETED_DEVICE_FAMILY = "1,2";
				TEST_TARGET_NAME = RijksData;
			};
			name = Release;
		};
/* End XCBuildConfiguration section */

/* Begin XCConfigurationList section */
		944AC1E32C7DDE9A00FA0DD4 /* Build configuration list for PBXProject "RijksData" */ = {
			isa = XCConfigurationList;
			buildConfigurations = (
				944AC2102C7DDE9B00FA0DD4 /* Debug */,
				944AC2112C7DDE9B00FA0DD4 /* Release */,
			);
			defaultConfigurationIsVisible = 0;
			defaultConfigurationName = Release;
		};
		944AC2122C7DDE9B00FA0DD4 /* Build configuration list for PBXNativeTarget "RijksData" */ = {
			isa = XCConfigurationList;
			buildConfigurations = (
				944AC2132C7DDE9B00FA0DD4 /* Debug */,
				944AC2142C7DDE9B00FA0DD4 /* Release */,
			);
			defaultConfigurationIsVisible = 0;
			defaultConfigurationName = Release;
		};
		944AC2152C7DDE9B00FA0DD4 /* Build configuration list for PBXNativeTarget "RijksDataTests" */ = {
			isa = XCConfigurationList;
			buildConfigurations = (
				944AC2162C7DDE9B00FA0DD4 /* Debug */,
				944AC2172C7DDE9B00FA0DD4 /* Release */,
			);
			defaultConfigurationIsVisible = 0;
			defaultConfigurationName = Release;
		};
		944AC2182C7DDE9B00FA0DD4 /* Build configuration list for PBXNativeTarget "RijksDataUITests" */ = {
			isa = XCConfigurationList;
			buildConfigurations = (
				944AC2192C7DDE9B00FA0DD4 /* Debug */,
				944AC21A2C7DDE9B00FA0DD4 /* Release */,
			);
			defaultConfigurationIsVisible = 0;
			defaultConfigurationName = Release;
		};
/* End XCConfigurationList section */

/* Begin XCLocalSwiftPackageReference section */
		944AC21B2C7E33B300FA0DD4 /* XCLocalSwiftPackageReference "NetworkCore" */ = {
			isa = XCLocalSwiftPackageReference;
			relativePath = NetworkCore;
		};
/* End XCLocalSwiftPackageReference section */

/* Begin XCRemoteSwiftPackageReference section */
		94233B0E2C80BD0B004C6CD3 /* XCRemoteSwiftPackageReference "Swiftlint" */ = {
			isa = XCRemoteSwiftPackageReference;
			repositoryURL = "https://github.com/realm/Swiftlint.git";
			requirement = {
				kind = upToNextMajorVersion;
				minimumVersion = 0.54.0;
			};
		};
		949FFC622C7FAA110068ED72 /* XCRemoteSwiftPackageReference "Nuke" */ = {
			isa = XCRemoteSwiftPackageReference;
			repositoryURL = "https://github.com/kean/Nuke.git";
			requirement = {
				kind = upToNextMajorVersion;
				minimumVersion = 12.8.0;
			};
		};
/* End XCRemoteSwiftPackageReference section */

/* Begin XCSwiftPackageProductDependency section */
		94233B112C80BD13004C6CD3 /* SwiftLintPlugin */ = {
			isa = XCSwiftPackageProductDependency;
			package = 94233B0E2C80BD0B004C6CD3 /* XCRemoteSwiftPackageReference "Swiftlint" */;
			productName = "plugin:SwiftLintPlugin";
		};
		944AC21C2C7E33B300FA0DD4 /* NetworkCore */ = {
			isa = XCSwiftPackageProductDependency;
			productName = NetworkCore;
		};
		949FFC632C7FAA110068ED72 /* Nuke */ = {
			isa = XCSwiftPackageProductDependency;
			package = 949FFC622C7FAA110068ED72 /* XCRemoteSwiftPackageReference "Nuke" */;
			productName = Nuke;
		};
/* End XCSwiftPackageProductDependency section */
	};
	rootObject = 944AC1E02C7DDE9A00FA0DD4 /* Project object */;
}
